
Microsoft Visual Studio Solution File, Format Version 12.00
# Visual Studio 2013
VisualStudioVersion = 12.0.21005.1
MinimumVisualStudioVersion = 10.0.40219.1
Project("{8BC9CEB8-8B4A-11D0-8D11-00A0C91BC942}") = "version_6", "version_6\version_6.vcxproj", "{97AC2553-7E06-45E5-91B2-61AC2782807E}"
EndProject
Global
	GlobalSection(SolutionConfigurationPlatforms) = preSolution
		Debug|Win32 = Debug|Win32
		Release|Win32 = Release|Win32
	EndGlobalSection
	GlobalSection(ProjectConfigurationPlatforms) = postSolution
		{97AC2553-7E06-45E5-91B2-61AC2782807E}.Debug|Win32.ActiveCfg = Debug|Win32
		{97AC2553-7E06-45E5-91B2-61AC2782807E}.Debug|Win32.Build.0 = Debug|Win32
		{97AC2553-7E06-45E5-91B2-61AC2782807E}.Release|Win32.ActiveCfg = Release|Win32
		{97AC2553-7E06-45E5-91B2-61AC2782807E}.Release|Win32.Build.0 = Release|Win32
	EndGlobalSection
	GlobalSection(SolutionProperties) = preSolution
		HideSolutionNode = FALSE
	EndGlobalSection
EndGlobal
